
Microsoft Visual Studio Solution File, Format Version 12.00
# Visual Studio Version 17
VisualStudioVersion = 17.1.32210.238
MinimumVisualStudioVersion = 10.0.40219.1
Project("{9A19103F-16F7-4668-BE54-9A1E7A4F7556}") = "Vehicle", "Vehicle\Vehicle.csproj", "{4632E3DA-B2CE-4A8E-BF4E-829B321C2CF3}"
EndProject
Project("{FAE04EC0-301F-11D3-BF4B-00C04F79EFBC}") = "Vehicle.Test", "Vehicle.Test\Vehicle.Test.csproj", "{0FF9AC30-F5C2-4210-B965-76E07DFA665E}"
EndProject
Global
	GlobalSection(SolutionConfigurationPlatforms) = preSolution
		Debug|Any CPU = Debug|Any CPU
		Release|Any CPU = Release|Any CPU
	EndGlobalSection
	GlobalSection(ProjectConfigurationPlatforms) = postSolution
		{4632E3DA-B2CE-4A8E-BF4E-829B321C2CF3}.Debug|Any CPU.ActiveCfg = Debug|Any CPU
		{4632E3DA-B2CE-4A8E-BF4E-829B321C2CF3}.Debug|Any CPU.Build.0 = Debug|Any CPU
		{4632E3DA-B2CE-4A8E-BF4E-829B321C2CF3}.Release|Any CPU.ActiveCfg = Release|Any CPU
		{4632E3DA-B2CE-4A8E-BF4E-829B321C2CF3}.Release|Any CPU.Build.0 = Release|Any CPU
		{0FF9AC30-F5C2-4210-B965-76E07DFA665E}.Debug|Any CPU.ActiveCfg = Debug|Any CPU
		{0FF9AC30-F5C2-4210-B965-76E07DFA665E}.Debug|Any CPU.Build.0 = Debug|Any CPU
		{0FF9AC30-F5C2-4210-B965-76E07DFA665E}.Release|Any CPU.ActiveCfg = Release|Any CPU
		{0FF9AC30-F5C2-4210-B965-76E07DFA665E}.Release|Any CPU.Build.0 = Release|Any CPU
	EndGlobalSection
	GlobalSection(SolutionProperties) = preSolution
		HideSolutionNode = FALSE
	EndGlobalSection
	GlobalSection(ExtensibilityGlobals) = postSolution
		SolutionGuid = {874F3233-3B09-43ED-99CA-62BED2AF9F65}
	EndGlobalSection
EndGlobal
